<?xml version="1.0" encoding="UTF-8" standalone="yes" ?>
<CodeBlocks_project_file>
	<FileVersion major="1" minor="6" />
	<Project>
		<Option title="bibleserver" />
		<Option pch_mode="2" />
		<Option compiler="gcc" />
		<Build>
			<Target title="Debug">
				<Option output="bin/Debug/bibleserver" prefix_auto="1" extension_auto="1" />
				<Option object_output="obj/Debug/" />
				<Option type="1" />
				<Option compiler="gcc" />
				<Compiler>
					<Add option="-g" />
				</Compiler>
			</Target>
			<Target title="Release">
				<Option output="bin/Release/bibleserver" prefix_auto="1" extension_auto="1" />
				<Option object_output="obj/Release/" />
				<Option type="1" />
				<Option compiler="gcc" />
				<Compiler>
					<Add option="-O2" />
				</Compiler>
				<Linker>
					<Add option="-s" />
				</Linker>
			</Target>
		</Build>
		<Compiler>
			<Add option="-std=c++11" />
			<Add option="-Wall" />
			<Add option="-fexceptions" />
		</Compiler>
		<Unit filename="bibleserver/bibleserver/bibleserver.cpp" />
		<Unit filename="bibleserver/bibleserver/bibleserver.h" />
		<Unit filename="bibleserver/httprequest/httprequest.cpp" />
		<Unit filename="bibleserver/httprequest/httprequest.h" />
		<Unit filename="bibleserver/httpresponse/httpresponse.cpp" />
		<Unit filename="bibleserver/httpresponse/httpresponse.h" />
		<Unit filename="bibleserver/httpresponse_favicon/httpresponse_favicon.cpp" />
		<Unit filename="bibleserver/httpresponse_favicon/httpresponse_favicon.h" />
		<Unit filename="bibleserver/httpserver/httpserver.cpp" />
		<Unit filename="bibleserver/httpserver/httpserver.h" />
		<Unit filename="bibleserver/httpsession/httpsession.cpp" />
		<Unit filename="bibleserver/httpsession/httpsession.h" />
		<Unit filename="main.cpp" />
		<Extensions>
			<code_completion />
			<envvars />
			<debugger />
			<lib_finder disable_auto="1" />
		</Extensions>
	</Project>
</CodeBlocks_project_file>
